github.com/huantt/plaintext-extractor v1.1.0 h1:dZkJN0fGZf1o8x9UdR6hHqkZnqIwX94YlGJ/lSXUZ5c=
github.com/huantt/plaintext-extractor v1.1.0/go.mod h1:zIIbG/hZnsnLgzDbZ2T8fOrA4SLGWCoHWWYZo0Anx9c=
golang.org/x/net v0.12.0 h1:cfawfvKITfUsFCeJIHJrbSxpeu/E81khclypR0GVT50=
golang.org/x/net v0.12.0/go.mod h1:zEVYFnQC7m/vmpQFELhcD1EWkZlX69l4oqgmer6hfKA=
